
Microsoft Visual Studio Solution File, Format Version 12.00
# Visual Studio Version 16
VisualStudioVersion = 16.0.32126.315
MinimumVisualStudioVersion = 10.0.40219.1
Project("{FAE04EC0-301F-11D3-BF4B-00C04F79EFBC}") = "PromoRealtime.ApiWeb", "PromoRealtime.ApiWeb\PromoRealtime.ApiWeb.csproj", "{9145AB51-1C75-430E-8B81-438DBAF2191B}"
EndProject
Global
	GlobalSection(SolutionConfigurationPlatforms) = preSolution
		Debug|Any CPU = Debug|Any CPU
		Release|Any CPU = Release|Any CPU
	EndGlobalSection
	GlobalSection(ProjectConfigurationPlatforms) = postSolution
		{9145AB51-1C75-430E-8B81-438DBAF2191B}.Debug|Any CPU.ActiveCfg = Debug|Any CPU
		{9145AB51-1C75-430E-8B81-438DBAF2191B}.Debug|Any CPU.Build.0 = Debug|Any CPU
		{9145AB51-1C75-430E-8B81-438DBAF2191B}.Release|Any CPU.ActiveCfg = Release|Any CPU
		{9145AB51-1C75-430E-8B81-438DBAF2191B}.Release|Any CPU.Build.0 = Release|Any CPU
	EndGlobalSection
	GlobalSection(SolutionProperties) = preSolution
		HideSolutionNode = FALSE
	EndGlobalSection
	GlobalSection(ExtensibilityGlobals) = postSolution
		SolutionGuid = {5679CE35-9AA4-429F-AD63-6DDC4FA45B4B}
	EndGlobalSection
EndGlobal
